
Microsoft Visual Studio Solution File, Format Version 12.00
# Visual Studio Version 17
VisualStudioVersion = 17.8.34330.188
MinimumVisualStudioVersion = 10.0.40219.1
Project("{2150E333-8FDC-42A3-9474-1A3956D46DE8}") = ".config", ".config", "{F880127D-2852-4E4F-B15E-5B1382B4AB55}"
EndProject
Project("{2150E333-8FDC-42A3-9474-1A3956D46DE8}") = "doc", "doc", "{D14A7DD1-AD7D-4EED-9756-652C1C2FDE45}"
EndProject
Project("{2150E333-8FDC-42A3-9474-1A3956D46DE8}") = "src", "src", "{568F4BF1-5845-445D-8BE2-A4C7278D5404}"
EndProject
Project("{2150E333-8FDC-42A3-9474-1A3956D46DE8}") = "test", "test", "{EA0AC826-5DCA-49B7-B439-2C434EE60EA7}"
EndProject
Project("{9A19103F-16F7-4668-BE54-9A1E7A4F7556}") = "NotificationHub.Application", "src\NotificationHub.Application\NotificationHub.Application.csproj", "{E0E45B37-C25A-4DB2-97B1-BB225601888C}"
EndProject
Project("{9A19103F-16F7-4668-BE54-9A1E7A4F7556}") = "NotificationHub.API", "src\NotificationHub.API\NotificationHub.API.csproj", "{A2DCDE95-47A1-4706-BB97-A6A50F5743A4}"
EndProject
Project("{9A19103F-16F7-4668-BE54-9A1E7A4F7556}") = "NotificationHub.API.Test", "test\NotificationHub.API.Test\NotificationHub.API.Test.csproj", "{8F021CDB-20F2-46D3-BF98-58434C101D1E}"
EndProject
Project("{9A19103F-16F7-4668-BE54-9A1E7A4F7556}") = "NotificationHub.Application.Test", "test\NotificationHub.Application.Test\NotificationHub.Application.Test.csproj", "{18E30622-8422-4FA3-84F9-4EF066BFE919}"
EndProject
Global
	GlobalSection(SolutionConfigurationPlatforms) = preSolution
		Debug|Any CPU = Debug|Any CPU
		Release|Any CPU = Release|Any CPU
	EndGlobalSection
	GlobalSection(ProjectConfigurationPlatforms) = postSolution
		{E0E45B37-C25A-4DB2-97B1-BB225601888C}.Debug|Any CPU.ActiveCfg = Debug|Any CPU
		{E0E45B37-C25A-4DB2-97B1-BB225601888C}.Debug|Any CPU.Build.0 = Debug|Any CPU
		{E0E45B37-C25A-4DB2-97B1-BB225601888C}.Release|Any CPU.ActiveCfg = Release|Any CPU
		{E0E45B37-C25A-4DB2-97B1-BB225601888C}.Release|Any CPU.Build.0 = Release|Any CPU
		{A2DCDE95-47A1-4706-BB97-A6A50F5743A4}.Debug|Any CPU.ActiveCfg = Debug|Any CPU
		{A2DCDE95-47A1-4706-BB97-A6A50F5743A4}.Debug|Any CPU.Build.0 = Debug|Any CPU
		{A2DCDE95-47A1-4706-BB97-A6A50F5743A4}.Release|Any CPU.ActiveCfg = Release|Any CPU
		{A2DCDE95-47A1-4706-BB97-A6A50F5743A4}.Release|Any CPU.Build.0 = Release|Any CPU
		{8F021CDB-20F2-46D3-BF98-58434C101D1E}.Debug|Any CPU.ActiveCfg = Debug|Any CPU
		{8F021CDB-20F2-46D3-BF98-58434C101D1E}.Debug|Any CPU.Build.0 = Debug|Any CPU
		{8F021CDB-20F2-46D3-BF98-58434C101D1E}.Release|Any CPU.ActiveCfg = Release|Any CPU
		{8F021CDB-20F2-46D3-BF98-58434C101D1E}.Release|Any CPU.Build.0 = Release|Any CPU
		{18E30622-8422-4FA3-84F9-4EF066BFE919}.Debug|Any CPU.ActiveCfg = Debug|Any CPU
		{18E30622-8422-4FA3-84F9-4EF066BFE919}.Debug|Any CPU.Build.0 = Debug|Any CPU
		{18E30622-8422-4FA3-84F9-4EF066BFE919}.Release|Any CPU.ActiveCfg = Release|Any CPU
		{18E30622-8422-4FA3-84F9-4EF066BFE919}.Release|Any CPU.Build.0 = Release|Any CPU
	EndGlobalSection
	GlobalSection(SolutionProperties) = preSolution
		HideSolutionNode = FALSE
	EndGlobalSection
	GlobalSection(NestedProjects) = preSolution
		{E0E45B37-C25A-4DB2-97B1-BB225601888C} = {568F4BF1-5845-445D-8BE2-A4C7278D5404}
		{A2DCDE95-47A1-4706-BB97-A6A50F5743A4} = {568F4BF1-5845-445D-8BE2-A4C7278D5404}
		{8F021CDB-20F2-46D3-BF98-58434C101D1E} = {EA0AC826-5DCA-49B7-B439-2C434EE60EA7}
		{18E30622-8422-4FA3-84F9-4EF066BFE919} = {EA0AC826-5DCA-49B7-B439-2C434EE60EA7}
	EndGlobalSection
	GlobalSection(ExtensibilityGlobals) = postSolution
		SolutionGuid = {BCAF50C7-D77F-46D1-A2AF-CBB093D028CC}
	EndGlobalSection
EndGlobal
